// !$*UTF8*$!
{
	archiveVersion = 1;
	classes = {
	};
	objectVersion = 55;
	objects = {

/* Begin PBXBuildFile section */
		988853D3270E52A10066E7EA /* PendulumMatrixSolving.swift in Sources */ = {isa = PBXBuildFile; fileRef = 988853D0270E52A10066E7EA /* PendulumMatrixSolving.swift */; };
		988853D4270E52A10066E7EA /* PendulumStateEquations.swift in Sources */ = {isa = PBXBuildFile; fileRef = 988853D1270E52A10066E7EA /* PendulumStateEquations.swift */; };
		988853D5270E52A10066E7EA /* PendulumStateEquationsExtensions.swift in Sources */ = {isa = PBXBuildFile; fileRef = 988853D2270E52A10066E7EA /* PendulumStateEquationsExtensions.swift */; };
		988853D8270E52A90066E7EA /* PendulumTimeStepperExtensions.swift in Sources */ = {isa = PBXBuildFile; fileRef = 988853D6270E52A90066E7EA /* PendulumTimeStepperExtensions.swift */; };
		988853D9270E52A90066E7EA /* PendulumTimeStepper.swift in Sources */ = {isa = PBXBuildFile; fileRef = 988853D7270E52A90066E7EA /* PendulumTimeStepper.swift */; };
		988853DB270E52BC0066E7EA /* PendulumFailureTrajectory.swift in Sources */ = {isa = PBXBuildFile; fileRef = 988853DA270E52BC0066E7EA /* PendulumFailureTrajectory.swift */; };
		988853DD270E52C10066E7EA /* PendulumState.swift in Sources */ = {isa = PBXBuildFile; fileRef = 988853DC270E52C00066E7EA /* PendulumState.swift */; };
		988853DF270E52C70066E7EA /* PendulumStandRendering.swift in Sources */ = {isa = PBXBuildFile; fileRef = 988853DE270E52C70066E7EA /* PendulumStandRendering.swift */; };
		988853E1270E52CD0066E7EA /* PendulumRendererExtensions.swift in Sources */ = {isa = PBXBuildFile; fileRef = 988853E0270E52CD0066E7EA /* PendulumRendererExtensions.swift */; };
		988853E5270E52E40066E7EA /* PendulumSimulationPrototypeExtensions.swift in Sources */ = {isa = PBXBuildFile; fileRef = 988853E3270E52E40066E7EA /* PendulumSimulationPrototypeExtensions.swift */; };
		988853E6270E52E40066E7EA /* PendulumSimulationPrototype.swift in Sources */ = {isa = PBXBuildFile; fileRef = 988853E4270E52E40066E7EA /* PendulumSimulationPrototype.swift */; };
		98885426270E53250066E7EA /* PendulumInterface.swift in Sources */ = {isa = PBXBuildFile; fileRef = 98885422270E53240066E7EA /* PendulumInterface.swift */; };
		98885427270E53250066E7EA /* PendulumInterfaceExtensions.swift in Sources */ = {isa = PBXBuildFile; fileRef = 98885423270E53240066E7EA /* PendulumInterfaceExtensions.swift */; };
		98885428270E53250066E7EA /* PendulumInterfaceParagraphs.swift in Sources */ = {isa = PBXBuildFile; fileRef = 98885424270E53250066E7EA /* PendulumInterfaceParagraphs.swift */; };
		98885429270E53250066E7EA /* PendulumInterfaceRendering.swift in Sources */ = {isa = PBXBuildFile; fileRef = 98885425270E53250066E7EA /* PendulumInterfaceRendering.swift */; };
		9888542E270E53340066E7EA /* PendulumInterfacePicker.swift in Sources */ = {isa = PBXBuildFile; fileRef = 9888542A270E53340066E7EA /* PendulumInterfacePicker.swift */; };
		9888542F270E53340066E7EA /* PendulumInterfaceCounter.swift in Sources */ = {isa = PBXBuildFile; fileRef = 9888542B270E53340066E7EA /* PendulumInterfaceCounter.swift */; };
		98885430270E53340066E7EA /* PendulumInterfaceBackButton.swift in Sources */ = {isa = PBXBuildFile; fileRef = 9888542C270E53340066E7EA /* PendulumInterfaceBackButton.swift */; };
		98885431270E53340066E7EA /* PendulumInterfaceAnchor.swift in Sources */ = {isa = PBXBuildFile; fileRef = 9888542D270E53340066E7EA /* PendulumInterfaceAnchor.swift */; };
		98885437270E53450066E7EA /* PendulumMassPicker.swift in Sources */ = {isa = PBXBuildFile; fileRef = 98885432270E53440066E7EA /* PendulumMassPicker.swift */; };
		98885438270E53450066E7EA /* PendulumPropertyPicker.swift in Sources */ = {isa = PBXBuildFile; fileRef = 98885433270E53440066E7EA /* PendulumPropertyPicker.swift */; };
		98885439270E53450066E7EA /* PendulumLengthPicker.swift in Sources */ = {isa = PBXBuildFile; fileRef = 98885434270E53440066E7EA /* PendulumLengthPicker.swift */; };
		9888543A270E53450066E7EA /* PendulumAnglePicker.swift in Sources */ = {isa = PBXBuildFile; fileRef = 98885435270E53450066E7EA /* PendulumAnglePicker.swift */; };
		9888543B270E53450066E7EA /* PendulumAngularVelocityPicker.swift in Sources */ = {isa = PBXBuildFile; fileRef = 98885436270E53450066E7EA /* PendulumAngularVelocityPicker.swift */; };
		98885451270E55400066E7EA /* PendulumMeshConstructor.swift in Sources */ = {isa = PBXBuildFile; fileRef = 9888543C270E55400066E7EA /* PendulumMeshConstructor.swift */; };
		98885458270E55400066E7EA /* PendulumMeshConstructorExtensions.swift in Sources */ = {isa = PBXBuildFile; fileRef = 98885446270E55400066E7EA /* PendulumMeshConstructorExtensions.swift */; };
		98885459270E55400066E7EA /* PendulumMeshConstructionExecution.swift in Sources */ = {isa = PBXBuildFile; fileRef = 98885447270E55400066E7EA /* PendulumMeshConstructionExecution.swift */; };
		9888545B270E55400066E7EA /* PendulumJointUtilities.metal in Sources */ = {isa = PBXBuildFile; fileRef = 9888544A270E55400066E7EA /* PendulumJointUtilities.metal */; };
		9888545C270E55400066E7EA /* PendulumJointConstruction.metal in Sources */ = {isa = PBXBuildFile; fileRef = 9888544B270E55400066E7EA /* PendulumJointConstruction.metal */; };
		9888545D270E55400066E7EA /* PendulumRendering.metal in Sources */ = {isa = PBXBuildFile; fileRef = 9888544C270E55400066E7EA /* PendulumRendering.metal */; };
		9888545F270E55400066E7EA /* PendulumRectangleUtilities.metal in Sources */ = {isa = PBXBuildFile; fileRef = 9888544F270E55400066E7EA /* PendulumRectangleUtilities.metal */; };
		98885460270E55400066E7EA /* PendulumRectangleConstruction.metal in Sources */ = {isa = PBXBuildFile; fileRef = 98885450270E55400066E7EA /* PendulumRectangleConstruction.metal */; };
		98BA9E2A271E4D460053BE2F /* ARHeadsetKit.framework in Frameworks */ = {isa = PBXBuildFile; fileRef = 98FDEEA0271DFFD700FD7F25 /* ARHeadsetKit.framework */; platformFilter = ios; };
		98BA9E2B271E4D460053BE2F /* ARHeadsetKit.framework in Embed Frameworks */ = {isa = PBXBuildFile; fileRef = 98FDEEA0271DFFD700FD7F25 /* ARHeadsetKit.framework */; settings = {ATTRIBUTES = (CodeSignOnCopy, RemoveHeadersOnCopy, ); }; };
		98ECC3BB270F0045008BACD3 /* Preview Assets.xcassets in Resources */ = {isa = PBXBuildFile; fileRef = 98ECC3BA270F0045008BACD3 /* Preview Assets.xcassets */; };
		98ECC3DB270FCEC1008BACD3 /* ContentView.swift in Sources */ = {isa = PBXBuildFile; fileRef = 98ECC3DA270FCEC1008BACD3 /* ContentView.swift */; };
		98EDDDB3270D0C8E006F9F44 /* AR_MultiPendulumApp.swift in Sources */ = {isa = PBXBuildFile; fileRef = 98EDDDB2270D0C8E006F9F44 /* AR_MultiPendulumApp.swift */; };
		98EDDDB7270D0C8F006F9F44 /* Assets.xcassets in Resources */ = {isa = PBXBuildFile; fileRef = 98EDDDB6270D0C8F006F9F44 /* Assets.xcassets */; };
		98EDDDE8270D28B7006F9F44 /* Coordinator.swift in Sources */ = {isa = PBXBuildFile; fileRef = 98EDDDE7270D28B7006F9F44 /* Coordinator.swift */; };
		98EDDDEA270D28BD006F9F44 /* PendulumRenderer.swift in Sources */ = {isa = PBXBuildFile; fileRef = 98EDDDE9270D28BD006F9F44 /* PendulumRenderer.swift */; };
		98EDDDEE270D29EA006F9F44 /* PendulumSettingsView.swift in Sources */ = {isa = PBXBuildFile; fileRef = 98EDDDED270D29EA006F9F44 /* PendulumSettingsView.swift */; };
		98FDEEA4271E000000FD7F25 /* Metal_Utilities_Combined.metal in Sources */ = {isa = PBXBuildFile; fileRef = 98FDEEA3271E000000FD7F25 /* Metal_Utilities_Combined.metal */; };
		98FDEEA6271E000400FD7F25 /* Launch Screen.storyboard in Resources */ = {isa = PBXBuildFile; fileRef = 98FDEEA5271E000400FD7F25 /* Launch Screen.storyboard */; };
/* End PBXBuildFile section */

/* Begin PBXContainerItemProxy section */
		98FDEE9F271DFFD700FD7F25 /* PBXContainerItemProxy */ = {
			isa = PBXContainerItemProxy;
			containerPortal = 98FDEE9A271DFFD700FD7F25 /* ARHeadsetKit.xcodeproj */;
			proxyType = 2;
			remoteGlobalIDString = 98AACFF926FD54270011546A;
			remoteInfo = ARHeadsetKit;
		};
		98FDEEA1271DFFD700FD7F25 /* PBXContainerItemProxy */ = {
			isa = PBXContainerItemProxy;
			containerPortal = 98FDEE9A271DFFD700FD7F25 /* ARHeadsetKit.xcodeproj */;
			proxyType = 2;
			remoteGlobalIDString = 9876B0BC2718E36F004BD3A2;
			remoteInfo = ARHeadsetKit_macOS;
		};
/* End PBXContainerItemProxy section */

/* Begin PBXCopyFilesBuildPhase section */
		98BA9E2C271E4D460053BE2F /* Embed Frameworks */ = {
			isa = PBXCopyFilesBuildPhase;
			buildActionMask = 2147483647;
			dstPath = "";
			dstSubfolderSpec = 10;
			files = (
				98BA9E2B271E4D460053BE2F /* ARHeadsetKit.framework in Embed Frameworks */,
			);
			name = "Embed Frameworks";
			runOnlyForDeploymentPostprocessing = 0;
		};
/* End PBXCopyFilesBuildPhase section */

/* Begin PBXFileReference section */
		988853D0270E52A10066E7EA /* PendulumMatrixSolving.swift */ = {isa = PBXFileReference; fileEncoding = 4; lastKnownFileType = sourcecode.swift; path = PendulumMatrixSolving.swift; sourceTree = "<group>"; };
		988853D1270E52A10066E7EA /* PendulumStateEquations.swift */ = {isa = PBXFileReference; fileEncoding = 4; lastKnownFileType = sourcecode.swift; path = PendulumStateEquations.swift; sourceTree = "<group>"; };
		988853D2270E52A10066E7EA /* PendulumStateEquationsExtensions.swift */ = {isa = PBXFileReference; fileEncoding = 4; lastKnownFileType = sourcecode.swift; path = PendulumStateEquationsExtensions.swift; sourceTree = "<group>"; };
		988853D6270E52A90066E7EA /* PendulumTimeStepperExtensions.swift */ = {isa = PBXFileReference; fileEncoding = 4; lastKnownFileType = sourcecode.swift; path = PendulumTimeStepperExtensions.swift; sourceTree = "<group>"; };
		988853D7270E52A90066E7EA /* PendulumTimeStepper.swift */ = {isa = PBXFileReference; fileEncoding = 4; lastKnownFileType = sourcecode.swift; path = PendulumTimeStepper.swift; sourceTree = "<group>"; };
		988853DA270E52BC0066E7EA /* PendulumFailureTrajectory.swift */ = {isa = PBXFileReference; fileEncoding = 4; lastKnownFileType = sourcecode.swift; path = PendulumFailureTrajectory.swift; sourceTree = "<group>"; };
		988853DC270E52C00066E7EA /* PendulumState.swift */ = {isa = PBXFileReference; fileEncoding = 4; lastKnownFileType = sourcecode.swift; path = PendulumState.swift; sourceTree = "<group>"; };
		988853DE270E52C70066E7EA /* PendulumStandRendering.swift */ = {isa = PBXFileReference; fileEncoding = 4; lastKnownFileType = sourcecode.swift; path = PendulumStandRendering.swift; sourceTree = "<group>"; };
		988853E0270E52CD0066E7EA /* PendulumRendererExtensions.swift */ = {isa = PBXFileReference; fileEncoding = 4; lastKnownFileType = sourcecode.swift; path = PendulumRendererExtensions.swift; sourceTree = "<group>"; };
		988853E3270E52E40066E7EA /* PendulumSimulationPrototypeExtensions.swift */ = {isa = PBXFileReference; fileEncoding = 4; lastKnownFileType = sourcecode.swift; path = PendulumSimulationPrototypeExtensions.swift; sourceTree = "<group>"; };
		988853E4270E52E40066E7EA /* PendulumSimulationPrototype.swift */ = {isa = PBXFileReference; fileEncoding = 4; lastKnownFileType = sourcecode.swift; path = PendulumSimulationPrototype.swift; sourceTree = "<group>"; };
		98885422270E53240066E7EA /* PendulumInterface.swift */ = {isa = PBXFileReference; fileEncoding = 4; lastKnownFileType = sourcecode.swift; path = PendulumInterface.swift; sourceTree = "<group>"; };
		98885423270E53240066E7EA /* PendulumInterfaceExtensions.swift */ = {isa = PBXFileReference; fileEncoding = 4; lastKnownFileType = sourcecode.swift; path = PendulumInterfaceExtensions.swift; sourceTree = "<group>"; };
		98885424270E53250066E7EA /* PendulumInterfaceParagraphs.swift */ = {isa = PBXFileReference; fileEncoding = 4; lastKnownFileType = sourcecode.swift; path = PendulumInterfaceParagraphs.swift; sourceTree = "<group>"; };
		98885425270E53250066E7EA /* PendulumInterfaceRendering.swift */ = {isa = PBXFileReference; fileEncoding = 4; lastKnownFileType = sourcecode.swift; path = PendulumInterfaceRendering.swift; sourceTree = "<group>"; };
		9888542A270E53340066E7EA /* PendulumInterfacePicker.swift */ = {isa = PBXFileReference; fileEncoding = 4; lastKnownFileType = sourcecode.swift; path = PendulumInterfacePicker.swift; sourceTree = "<group>"; };
		9888542B270E53340066E7EA /* PendulumInterfaceCounter.swift */ = {isa = PBXFileReference; fileEncoding = 4; lastKnownFileType = sourcecode.swift; path = PendulumInterfaceCounter.swift; sourceTree = "<group>"; };
		9888542C270E53340066E7EA /* PendulumInterfaceBackButton.swift */ = {isa = PBXFileReference; fileEncoding = 4; lastKnownFileType = sourcecode.swift; path = PendulumInterfaceBackButton.swift; sourceTree = "<group>"; };
		9888542D270E53340066E7EA /* PendulumInterfaceAnchor.swift */ = {isa = PBXFileReference; fileEncoding = 4; lastKnownFileType = sourcecode.swift; path = PendulumInterfaceAnchor.swift; sourceTree = "<group>"; };
		98885432270E53440066E7EA /* PendulumMassPicker.swift */ = {isa = PBXFileReference; fileEncoding = 4; lastKnownFileType = sourcecode.swift; path = PendulumMassPicker.swift; sourceTree = "<group>"; };
		98885433270E53440066E7EA /* PendulumPropertyPicker.swift */ = {isa = PBXFileReference; fileEncoding = 4; lastKnownFileType = sourcecode.swift; path = PendulumPropertyPicker.swift; sourceTree = "<group>"; };
		98885434270E53440066E7EA /* PendulumLengthPicker.swift */ = {isa = PBXFileReference; fileEncoding = 4; lastKnownFileType = sourcecode.swift; path = PendulumLengthPicker.swift; sourceTree = "<group>"; };
		98885435270E53450066E7EA /* PendulumAnglePicker.swift */ = {isa = PBXFileReference; fileEncoding = 4; lastKnownFileType = sourcecode.swift; path = PendulumAnglePicker.swift; sourceTree = "<group>"; };
		98885436270E53450066E7EA /* PendulumAngularVelocityPicker.swift */ = {isa = PBXFileReference; fileEncoding = 4; lastKnownFileType = sourcecode.swift; path = PendulumAngularVelocityPicker.swift; sourceTree = "<group>"; };
		9888543C270E55400066E7EA /* PendulumMeshConstructor.swift */ = {isa = PBXFileReference; fileEncoding = 4; lastKnownFileType = sourcecode.swift; path = PendulumMeshConstructor.swift; sourceTree = "<group>"; };
		98885446270E55400066E7EA /* PendulumMeshConstructorExtensions.swift */ = {isa = PBXFileReference; fileEncoding = 4; lastKnownFileType = sourcecode.swift; path = PendulumMeshConstructorExtensions.swift; sourceTree = "<group>"; };
		98885447270E55400066E7EA /* PendulumMeshConstructionExecution.swift */ = {isa = PBXFileReference; fileEncoding = 4; lastKnownFileType = sourcecode.swift; path = PendulumMeshConstructionExecution.swift; sourceTree = "<group>"; };
		98885449270E55400066E7EA /* PendulumJointUtilities.h */ = {isa = PBXFileReference; explicitFileType = sourcecode.metal; fileEncoding = 4; path = PendulumJointUtilities.h; sourceTree = "<group>"; };
		9888544A270E55400066E7EA /* PendulumJointUtilities.metal */ = {isa = PBXFileReference; fileEncoding = 4; lastKnownFileType = sourcecode.metal; path = PendulumJointUtilities.metal; sourceTree = "<group>"; };
		9888544B270E55400066E7EA /* PendulumJointConstruction.metal */ = {isa = PBXFileReference; fileEncoding = 4; lastKnownFileType = sourcecode.metal; path = PendulumJointConstruction.metal; sourceTree = "<group>"; };
		9888544C270E55400066E7EA /* PendulumRendering.metal */ = {isa = PBXFileReference; fileEncoding = 4; lastKnownFileType = sourcecode.metal; path = PendulumRendering.metal; sourceTree = "<group>"; };
		9888544E270E55400066E7EA /* PendulumRectangleUtilities.h */ = {isa = PBXFileReference; explicitFileType = sourcecode.metal; fileEncoding = 4; path = PendulumRectangleUtilities.h; sourceTree = "<group>"; };
		9888544F270E55400066E7EA /* PendulumRectangleUtilities.metal */ = {isa = PBXFileReference; fileEncoding = 4; lastKnownFileType = sourcecode.metal; path = PendulumRectangleUtilities.metal; sourceTree = "<group>"; };
		98885450270E55400066E7EA /* PendulumRectangleConstruction.metal */ = {isa = PBXFileReference; fileEncoding = 4; lastKnownFileType = sourcecode.metal; path = PendulumRectangleConstruction.metal; sourceTree = "<group>"; };
		98ECC3BA270F0045008BACD3 /* Preview Assets.xcassets */ = {isa = PBXFileReference; lastKnownFileType = folder.assetcatalog; path = "Preview Assets.xcassets"; sourceTree = "<group>"; };
		98ECC3DA270FCEC1008BACD3 /* ContentView.swift */ = {isa = PBXFileReference; lastKnownFileType = sourcecode.swift; path = ContentView.swift; sourceTree = "<group>"; };
		98EDDDAF270D0C8E006F9F44 /* AR MultiPendulum.app */ = {isa = PBXFileReference; explicitFileType = wrapper.application; includeInIndex = 0; path = "AR MultiPendulum.app"; sourceTree = BUILT_PRODUCTS_DIR; };
		98EDDDB2270D0C8E006F9F44 /* AR_MultiPendulumApp.swift */ = {isa = PBXFileReference; lastKnownFileType = sourcecode.swift; path = AR_MultiPendulumApp.swift; sourceTree = "<group>"; };
		98EDDDB6270D0C8F006F9F44 /* Assets.xcassets */ = {isa = PBXFileReference; lastKnownFileType = folder.assetcatalog; path = Assets.xcassets; sourceTree = "<group>"; };
		98EDDDD7270D1BB8006F9F44 /* AR-MultiPendulum-Info.plist */ = {isa = PBXFileReference; lastKnownFileType = text.plist; path = "AR-MultiPendulum-Info.plist"; sourceTree = SOURCE_ROOT; };
		98EDDDE7270D28B7006F9F44 /* Coordinator.swift */ = {isa = PBXFileReference; lastKnownFileType = sourcecode.swift; path = Coordinator.swift; sourceTree = "<group>"; };
		98EDDDE9270D28BD006F9F44 /* PendulumRenderer.swift */ = {isa = PBXFileReference; lastKnownFileType = sourcecode.swift; path = PendulumRenderer.swift; sourceTree = "<group>"; };
		98EDDDED270D29EA006F9F44 /* PendulumSettingsView.swift */ = {isa = PBXFileReference; lastKnownFileType = sourcecode.swift; path = PendulumSettingsView.swift; sourceTree = "<group>"; };
		98FDEE9A271DFFD700FD7F25 /* ARHeadsetKit.xcodeproj */ = {isa = PBXFileReference; lastKnownFileType = "wrapper.pb-project"; name = ARHeadsetKit.xcodeproj; path = ARHeadsetKit/ARHeadsetKit.xcodeproj; sourceTree = "<group>"; };
		98FDEEA3271E000000FD7F25 /* Metal_Utilities_Combined.metal */ = {isa = PBXFileReference; fileEncoding = 4; lastKnownFileType = sourcecode.metal; name = Metal_Utilities_Combined.metal; path = ARHeadsetKit/Metal_Utilities_Combined.metal; sourceTree = SOURCE_ROOT; };
		98FDEEA5271E000400FD7F25 /* Launch Screen.storyboard */ = {isa = PBXFileReference; fileEncoding = 4; lastKnownFileType = file.storyboard; name = "Launch Screen.storyboard"; path = "ARHeadsetKit/Launch Screen.storyboard"; sourceTree = SOURCE_ROOT; };
/* End PBXFileReference section */

/* Begin PBXFrameworksBuildPhase section */
		98EDDDAC270D0C8E006F9F44 /* Frameworks */ = {
			isa = PBXFrameworksBuildPhase;
			buildActionMask = 2147483647;
			files = (
				98BA9E2A271E4D460053BE2F /* ARHeadsetKit.framework in Frameworks */,
			);
			runOnlyForDeploymentPostprocessing = 0;
		};
/* End PBXFrameworksBuildPhase section */

/* Begin PBXGroup section */
		988853C8270E4D2A0066E7EA /* Pendulum Renderer */ = {
			isa = PBXGroup;
			children = (
				98EDDDE9270D28BD006F9F44 /* PendulumRenderer.swift */,
				988853E0270E52CD0066E7EA /* PendulumRendererExtensions.swift */,
				988853DE270E52C70066E7EA /* PendulumStandRendering.swift */,
			);
			path = "Pendulum Renderer";
			sourceTree = "<group>";
		};
		988853CA270E4D500066E7EA /* Simulation */ = {
			isa = PBXGroup;
			children = (
				988853CE270E4DF70066E7EA /* Prototype */,
				988853CF270E4E180066E7EA /* Pendulum State */,
				988853CC270E4DC20066E7EA /* Time Stepping */,
				988853CD270E4DDC0066E7EA /* State Equations */,
			);
			path = Simulation;
			sourceTree = "<group>";
		};
		988853CB270E4D5B0066E7EA /* Mesh Construction */ = {
			isa = PBXGroup;
			children = (
				9888543C270E55400066E7EA /* PendulumMeshConstructor.swift */,
				98885446270E55400066E7EA /* PendulumMeshConstructorExtensions.swift */,
				98885447270E55400066E7EA /* PendulumMeshConstructionExecution.swift */,
				98885448270E55400066E7EA /* Joints */,
				9888544D270E55400066E7EA /* Rectangles */,
				9888544C270E55400066E7EA /* PendulumRendering.metal */,
			);
			path = "Mesh Construction";
			sourceTree = "<group>";
		};
		988853CC270E4DC20066E7EA /* Time Stepping */ = {
			isa = PBXGroup;
			children = (
				988853D7270E52A90066E7EA /* PendulumTimeStepper.swift */,
				988853D6270E52A90066E7EA /* PendulumTimeStepperExtensions.swift */,
			);
			path = "Time Stepping";
			sourceTree = "<group>";
		};
		988853CD270E4DDC0066E7EA /* State Equations */ = {
			isa = PBXGroup;
			children = (
				988853D1270E52A10066E7EA /* PendulumStateEquations.swift */,
				988853D2270E52A10066E7EA /* PendulumStateEquationsExtensions.swift */,
				988853D0270E52A10066E7EA /* PendulumMatrixSolving.swift */,
			);
			path = "State Equations";
			sourceTree = "<group>";
		};
		988853CE270E4DF70066E7EA /* Prototype */ = {
			isa = PBXGroup;
			children = (
				988853E4270E52E40066E7EA /* PendulumSimulationPrototype.swift */,
				988853E3270E52E40066E7EA /* PendulumSimulationPrototypeExtensions.swift */,
			);
			path = Prototype;
			sourceTree = "<group>";
		};
		988853CF270E4E180066E7EA /* Pendulum State */ = {
			isa = PBXGroup;
			children = (
				988853DC270E52C00066E7EA /* PendulumState.swift */,
				988853DA270E52BC0066E7EA /* PendulumFailureTrajectory.swift */,
			);
			path = "Pendulum State";
			sourceTree = "<group>";
		};
		988853E2270E52D00066E7EA /* Interface */ = {
			isa = PBXGroup;
			children = (
				98885422270E53240066E7EA /* PendulumInterface.swift */,
				98885423270E53240066E7EA /* PendulumInterfaceExtensions.swift */,
				98885425270E53250066E7EA /* PendulumInterfaceRendering.swift */,
				98885424270E53250066E7EA /* PendulumInterfaceParagraphs.swift */,
				98885420270E530B0066E7EA /* Components */,
				98885421270E53160066E7EA /* Pickers */,
			);
			path = Interface;
			sourceTree = "<group>";
		};
		98885420270E530B0066E7EA /* Components */ = {
			isa = PBXGroup;
			children = (
				9888542D270E53340066E7EA /* PendulumInterfaceAnchor.swift */,
				9888542C270E53340066E7EA /* PendulumInterfaceBackButton.swift */,
				9888542A270E53340066E7EA /* PendulumInterfacePicker.swift */,
				9888542B270E53340066E7EA /* PendulumInterfaceCounter.swift */,
			);
			path = Components;
			sourceTree = "<group>";
		};
		98885421270E53160066E7EA /* Pickers */ = {
			isa = PBXGroup;
			children = (
				98885433270E53440066E7EA /* PendulumPropertyPicker.swift */,
				98885434270E53440066E7EA /* PendulumLengthPicker.swift */,
				98885432270E53440066E7EA /* PendulumMassPicker.swift */,
				98885435270E53450066E7EA /* PendulumAnglePicker.swift */,
				98885436270E53450066E7EA /* PendulumAngularVelocityPicker.swift */,
			);
			path = Pickers;
			sourceTree = "<group>";
		};
		98885448270E55400066E7EA /* Joints */ = {
			isa = PBXGroup;
			children = (
				98885449270E55400066E7EA /* PendulumJointUtilities.h */,
				9888544A270E55400066E7EA /* PendulumJointUtilities.metal */,
				9888544B270E55400066E7EA /* PendulumJointConstruction.metal */,
			);
			path = Joints;
			sourceTree = "<group>";
		};
		9888544D270E55400066E7EA /* Rectangles */ = {
			isa = PBXGroup;
			children = (
				9888544E270E55400066E7EA /* PendulumRectangleUtilities.h */,
				9888544F270E55400066E7EA /* PendulumRectangleUtilities.metal */,
				98885450270E55400066E7EA /* PendulumRectangleConstruction.metal */,
			);
			path = Rectangles;
			sourceTree = "<group>";
		};
		98ECC3B9270F003D008BACD3 /* Preview Content */ = {
			isa = PBXGroup;
			children = (
				98ECC3BA270F0045008BACD3 /* Preview Assets.xcassets */,
			);
			path = "Preview Content";
			sourceTree = "<group>";
		};
		98EDDDA6270D0C8E006F9F44 = {
			isa = PBXGroup;
			children = (
				98FDEE9A271DFFD700FD7F25 /* ARHeadsetKit.xcodeproj */,
				98EDDDB1270D0C8E006F9F44 /* AR MultiPendulum */,
				98EDDDB0270D0C8E006F9F44 /* Products */,
				98EDDDC6270D100C006F9F44 /* Frameworks */,
			);
			sourceTree = "<group>";
		};
		98EDDDB0270D0C8E006F9F44 /* Products */ = {
			isa = PBXGroup;
			children = (
				98EDDDAF270D0C8E006F9F44 /* AR MultiPendulum.app */,
			);
			name = Products;
			sourceTree = "<group>";
		};
		98EDDDB1270D0C8E006F9F44 /* AR MultiPendulum */ = {
			isa = PBXGroup;
			children = (
				98FDEEA3271E000000FD7F25 /* Metal_Utilities_Combined.metal */,
				98FDEEA5271E000400FD7F25 /* Launch Screen.storyboard */,
				98EDDDD7270D1BB8006F9F44 /* AR-MultiPendulum-Info.plist */,
				98EDDDB2270D0C8E006F9F44 /* AR_MultiPendulumApp.swift */,
				98ECC3DA270FCEC1008BACD3 /* ContentView.swift */,
				98EDDDEB270D29BB006F9F44 /* App Setup */,
				988853C8270E4D2A0066E7EA /* Pendulum Renderer */,
				988853E2270E52D00066E7EA /* Interface */,
				988853CA270E4D500066E7EA /* Simulation */,
				988853CB270E4D5B0066E7EA /* Mesh Construction */,
				98EDDDB6270D0C8F006F9F44 /* Assets.xcassets */,
				98ECC3B9270F003D008BACD3 /* Preview Content */,
			);
			path = "AR MultiPendulum";
			sourceTree = "<group>";
		};
		98EDDDC6270D100C006F9F44 /* Frameworks */ = {
			isa = PBXGroup;
			children = (
			);
			name = Frameworks;
			sourceTree = "<group>";
		};
		98EDDDEB270D29BB006F9F44 /* App Setup */ = {
			isa = PBXGroup;
			children = (
				98EDDDE7270D28B7006F9F44 /* Coordinator.swift */,
				98EDDDED270D29EA006F9F44 /* PendulumSettingsView.swift */,
			);
			path = "App Setup";
			sourceTree = "<group>";
		};
		98FDEE9B271DFFD700FD7F25 /* Products */ = {
			isa = PBXGroup;
			children = (
				98FDEEA0271DFFD700FD7F25 /* ARHeadsetKit.framework */,
				98FDEEA2271DFFD700FD7F25 /* ARHeadsetKit_macOS.framework */,
			);
			name = Products;
			sourceTree = "<group>";
		};
/* End PBXGroup section */

/* Begin PBXNativeTarget section */
		98EDDDAE270D0C8E006F9F44 /* AR MultiPendulum */ = {
			isa = PBXNativeTarget;
			buildConfigurationList = 98EDDDBD270D0C8F006F9F44 /* Build configuration list for PBXNativeTarget "AR MultiPendulum" */;
			buildPhases = (
				98EDDDAB270D0C8E006F9F44 /* Sources */,
				98EDDDAC270D0C8E006F9F44 /* Frameworks */,
				98EDDDAD270D0C8E006F9F44 /* Resources */,
				98BA9E2C271E4D460053BE2F /* Embed Frameworks */,
			);
			buildRules = (
			);
			dependencies = (
			);
			name = "AR MultiPendulum";
			productName = "AR MultiPendulum";
			productReference = 98EDDDAF270D0C8E006F9F44 /* AR MultiPendulum.app */;
			productType = "com.apple.product-type.application";
		};
/* End PBXNativeTarget section */

/* Begin PBXProject section */
		98EDDDA7270D0C8E006F9F44 /* Project object */ = {
			isa = PBXProject;
			attributes = {
				BuildIndependentTargetsInParallel = 1;
				LastSwiftUpdateCheck = 1300;
				LastUpgradeCheck = 1300;
				TargetAttributes = {
					98EDDDAE270D0C8E006F9F44 = {
						CreatedOnToolsVersion = 13.0;
					};
				};
			};
			buildConfigurationList = 98EDDDAA270D0C8E006F9F44 /* Build configuration list for PBXProject "AR MultiPendulum" */;
			compatibilityVersion = "Xcode 13.0";
			developmentRegion = en;
			hasScannedForEncodings = 0;
			knownRegions = (
				en,
				Base,
			);
			mainGroup = 98EDDDA6270D0C8E006F9F44;
			productRefGroup = 98EDDDB0270D0C8E006F9F44 /* Products */;
			projectDirPath = "";
			projectReferences = (
				{
					ProductGroup = 98FDEE9B271DFFD700FD7F25 /* Products */;
					ProjectRef = 98FDEE9A271DFFD700FD7F25 /* ARHeadsetKit.xcodeproj */;
				},
			);
			projectRoot = "";
			targets = (
				98EDDDAE270D0C8E006F9F44 /* AR MultiPendulum */,
			);
		};
/* End PBXProject section */

/* Begin PBXReferenceProxy section */
		98FDEEA0271DFFD700FD7F25 /* ARHeadsetKit.framework */ = {
			isa = PBXReferenceProxy;
			fileType = wrapper.framework;
			path = ARHeadsetKit.framework;
			remoteRef = 98FDEE9F271DFFD700FD7F25 /* PBXContainerItemProxy */;
			sourceTree = BUILT_PRODUCTS_DIR;
		};
		98FDEEA2271DFFD700FD7F25 /* ARHeadsetKit_macOS.framework */ = {
			isa = PBXReferenceProxy;
			fileType = wrapper.framework;
			path = ARHeadsetKit_macOS.framework;
			remoteRef = 98FDEEA1271DFFD700FD7F25 /* PBXContainerItemProxy */;
			sourceTree = BUILT_PRODUCTS_DIR;
		};
/* End PBXReferenceProxy section */

/* Begin PBXResourcesBuildPhase section */
		98EDDDAD270D0C8E006F9F44 /* Resources */ = {
			isa = PBXResourcesBuildPhase;
			buildActionMask = 2147483647;
			files = (
				98FDEEA6271E000400FD7F25 /* Launch Screen.storyboard in Resources */,
				98ECC3BB270F0045008BACD3 /* Preview Assets.xcassets in Resources */,
				98EDDDB7270D0C8F006F9F44 /* Assets.xcassets in Resources */,
			);
			runOnlyForDeploymentPostprocessing = 0;
		};
/* End PBXResourcesBuildPhase section */

/* Begin PBXSourcesBuildPhase section */
		98EDDDAB270D0C8E006F9F44 /* Sources */ = {
			isa = PBXSourcesBuildPhase;
			buildActionMask = 2147483647;
			files = (
				98885426270E53250066E7EA /* PendulumInterface.swift in Sources */,
				98EDDDE8270D28B7006F9F44 /* Coordinator.swift in Sources */,
				9888542F270E53340066E7EA /* PendulumInterfaceCounter.swift in Sources */,
				98885451270E55400066E7EA /* PendulumMeshConstructor.swift in Sources */,
				988853D3270E52A10066E7EA /* PendulumMatrixSolving.swift in Sources */,
				98885458270E55400066E7EA /* PendulumMeshConstructorExtensions.swift in Sources */,
				988853D4270E52A10066E7EA /* PendulumStateEquations.swift in Sources */,
				98885429270E53250066E7EA /* PendulumInterfaceRendering.swift in Sources */,
				98ECC3DB270FCEC1008BACD3 /* ContentView.swift in Sources */,
				98885431270E53340066E7EA /* PendulumInterfaceAnchor.swift in Sources */,
				988853E6270E52E40066E7EA /* PendulumSimulationPrototype.swift in Sources */,
				98EDDDB3270D0C8E006F9F44 /* AR_MultiPendulumApp.swift in Sources */,
				9888545B270E55400066E7EA /* PendulumJointUtilities.metal in Sources */,
				98885459270E55400066E7EA /* PendulumMeshConstructionExecution.swift in Sources */,
				988853D9270E52A90066E7EA /* PendulumTimeStepper.swift in Sources */,
				988853E5270E52E40066E7EA /* PendulumSimulationPrototypeExtensions.swift in Sources */,
				988853DB270E52BC0066E7EA /* PendulumFailureTrajectory.swift in Sources */,
				98FDEEA4271E000000FD7F25 /* Metal_Utilities_Combined.metal in Sources */,
				988853E1270E52CD0066E7EA /* PendulumRendererExtensions.swift in Sources */,
				9888545F270E55400066E7EA /* PendulumRectangleUtilities.metal in Sources */,
				988853DF270E52C70066E7EA /* PendulumStandRendering.swift in Sources */,
				9888543B270E53450066E7EA /* PendulumAngularVelocityPicker.swift in Sources */,
				98885438270E53450066E7EA /* PendulumPropertyPicker.swift in Sources */,
				98EDDDEA270D28BD006F9F44 /* PendulumRenderer.swift in Sources */,
				9888545C270E55400066E7EA /* PendulumJointConstruction.metal in Sources */,
				988853D8270E52A90066E7EA /* PendulumTimeStepperExtensions.swift in Sources */,
				988853D5270E52A10066E7EA /* PendulumStateEquationsExtensions.swift in Sources */,
				988853DD270E52C10066E7EA /* PendulumState.swift in Sources */,
				9888543A270E53450066E7EA /* PendulumAnglePicker.swift in Sources */,
				9888542E270E53340066E7EA /* PendulumInterfacePicker.swift in Sources */,
				98885427270E53250066E7EA /* PendulumInterfaceExtensions.swift in Sources */,
				98885437270E53450066E7EA /* PendulumMassPicker.swift in Sources */,
				98885439270E53450066E7EA /* PendulumLengthPicker.swift in Sources */,
				98885460270E55400066E7EA /* PendulumRectangleConstruction.metal in Sources */,
				9888545D270E55400066E7EA /* PendulumRendering.metal in Sources */,
				98EDDDEE270D29EA006F9F44 /* PendulumSettingsView.swift in Sources */,
				98885430270E53340066E7EA /* PendulumInterfaceBackButton.swift in Sources */,
				98885428270E53250066E7EA /* PendulumInterfaceParagraphs.swift in Sources */,
			);
			runOnlyForDeploymentPostprocessing = 0;
		};
/* End PBXSourcesBuildPhase section */

/* Begin XCBuildConfiguration section */
		98EDDDBB270D0C8F006F9F44 /* Debug */ = {
			isa = XCBuildConfiguration;
			buildSettings = {
				ALWAYS_SEARCH_USER_PATHS = NO;
				CLANG_ANALYZER_NONNULL = YES;
				CLANG_ANALYZER_NUMBER_OBJECT_CONVERSION = YES_AGGRESSIVE;
				CLANG_CXX_LANGUAGE_STANDARD = "gnu++17";
				CLANG_CXX_LIBRARY = "libc++";
				CLANG_ENABLE_MODULES = YES;
				CLANG_ENABLE_OBJC_ARC = YES;
				CLANG_ENABLE_OBJC_WEAK = YES;
				CLANG_WARN_BLOCK_CAPTURE_AUTORELEASING = YES;
				CLANG_WARN_BOOL_CONVERSION = YES;
				CLANG_WARN_COMMA = YES;
				CLANG_WARN_CONSTANT_CONVERSION = YES;
				CLANG_WARN_DEPRECATED_OBJC_IMPLEMENTATIONS = YES;
				CLANG_WARN_DIRECT_OBJC_ISA_USAGE = YES_ERROR;
				CLANG_WARN_DOCUMENTATION_COMMENTS = YES;
				CLANG_WARN_EMPTY_BODY = YES;
				CLANG_WARN_ENUM_CONVERSION = YES;
				CLANG_WARN_INFINITE_RECURSION = YES;
				CLANG_WARN_INT_CONVERSION = YES;
				CLANG_WARN_NON_LITERAL_NULL_CONVERSION = YES;
				CLANG_WARN_OBJC_IMPLICIT_RETAIN_SELF = YES;
				CLANG_WARN_OBJC_LITERAL_CONVERSION = YES;
				CLANG_WARN_OBJC_ROOT_CLASS = YES_ERROR;
				CLANG_WARN_QUOTED_INCLUDE_IN_FRAMEWORK_HEADER = YES;
				CLANG_WARN_RANGE_LOOP_ANALYSIS = YES;
				CLANG_WARN_STRICT_PROTOTYPES = YES;
				CLANG_WARN_SUSPICIOUS_MOVE = YES;
				CLANG_WARN_UNGUARDED_AVAILABILITY = YES_AGGRESSIVE;
				CLANG_WARN_UNREACHABLE_CODE = YES;
				CLANG_WARN__DUPLICATE_METHOD_MATCH = YES;
				COPY_PHASE_STRIP = NO;
				DEBUG_INFORMATION_FORMAT = dwarf;
				ENABLE_STRICT_OBJC_MSGSEND = YES;
				ENABLE_TESTABILITY = YES;
				GCC_C_LANGUAGE_STANDARD = gnu11;
				GCC_DYNAMIC_NO_PIC = NO;
				GCC_NO_COMMON_BLOCKS = YES;
				GCC_OPTIMIZATION_LEVEL = 0;
				GCC_PREPROCESSOR_DEFINITIONS = (
					"DEBUG=1",
					"$(inherited)",
				);
				GCC_WARN_64_TO_32_BIT_CONVERSION = YES;
				GCC_WARN_ABOUT_RETURN_TYPE = YES_ERROR;
				GCC_WARN_UNDECLARED_SELECTOR = YES;
				GCC_WARN_UNINITIALIZED_AUTOS = YES_AGGRESSIVE;
				GCC_WARN_UNUSED_FUNCTION = YES;
				GCC_WARN_UNUSED_VARIABLE = YES;
				IPHONEOS_DEPLOYMENT_TARGET = 15.0;
				MTL_ENABLE_DEBUG_INFO = INCLUDE_SOURCE;
				MTL_FAST_MATH = YES;
				ONLY_ACTIVE_ARCH = YES;
				SDKROOT = iphoneos;
				SWIFT_ACTIVE_COMPILATION_CONDITIONS = DEBUG;
				SWIFT_OPTIMIZATION_LEVEL = "-Onone";
			};
			name = Debug;
		};
		98EDDDBC270D0C8F006F9F44 /* Release */ = {
			isa = XCBuildConfiguration;
			buildSettings = {
				ALWAYS_SEARCH_USER_PATHS = NO;
				CLANG_ANALYZER_NONNULL = YES;
				CLANG_ANALYZER_NUMBER_OBJECT_CONVERSION = YES_AGGRESSIVE;
				CLANG_CXX_LANGUAGE_STANDARD = "gnu++17";
				CLANG_CXX_LIBRARY = "libc++";
				CLANG_ENABLE_MODULES = YES;
				CLANG_ENABLE_OBJC_ARC = YES;
				CLANG_ENABLE_OBJC_WEAK = YES;
				CLANG_WARN_BLOCK_CAPTURE_AUTORELEASING = YES;
				CLANG_WARN_BOOL_CONVERSION = YES;
				CLANG_WARN_COMMA = YES;
				CLANG_WARN_CONSTANT_CONVERSION = YES;
				CLANG_WARN_DEPRECATED_OBJC_IMPLEMENTATIONS = YES;
				CLANG_WARN_DIRECT_OBJC_ISA_USAGE = YES_ERROR;
				CLANG_WARN_DOCUMENTATION_COMMENTS = YES;
				CLANG_WARN_EMPTY_BODY = YES;
				CLANG_WARN_ENUM_CONVERSION = YES;
				CLANG_WARN_INFINITE_RECURSION = YES;
				CLANG_WARN_INT_CONVERSION = YES;
				CLANG_WARN_NON_LITERAL_NULL_CONVERSION = YES;
				CLANG_WARN_OBJC_IMPLICIT_RETAIN_SELF = YES;
				CLANG_WARN_OBJC_LITERAL_CONVERSION = YES;
				CLANG_WARN_OBJC_ROOT_CLASS = YES_ERROR;
				CLANG_WARN_QUOTED_INCLUDE_IN_FRAMEWORK_HEADER = YES;
				CLANG_WARN_RANGE_LOOP_ANALYSIS = YES;
				CLANG_WARN_STRICT_PROTOTYPES = YES;
				CLANG_WARN_SUSPICIOUS_MOVE = YES;
				CLANG_WARN_UNGUARDED_AVAILABILITY = YES_AGGRESSIVE;
				CLANG_WARN_UNREACHABLE_CODE = YES;
				CLANG_WARN__DUPLICATE_METHOD_MATCH = YES;
				COPY_PHASE_STRIP = NO;
				DEBUG_INFORMATION_FORMAT = "dwarf-with-dsym";
				ENABLE_NS_ASSERTIONS = NO;
				ENABLE_STRICT_OBJC_MSGSEND = YES;
				GCC_C_LANGUAGE_STANDARD = gnu11;
				GCC_NO_COMMON_BLOCKS = YES;
				GCC_WARN_64_TO_32_BIT_CONVERSION = YES;
				GCC_WARN_ABOUT_RETURN_TYPE = YES_ERROR;
				GCC_WARN_UNDECLARED_SELECTOR = YES;
				GCC_WARN_UNINITIALIZED_AUTOS = YES_AGGRESSIVE;
				GCC_WARN_UNUSED_FUNCTION = YES;
				GCC_WARN_UNUSED_VARIABLE = YES;
				IPHONEOS_DEPLOYMENT_TARGET = 15.0;
				MTL_ENABLE_DEBUG_INFO = NO;
				MTL_FAST_MATH = YES;
				SDKROOT = iphoneos;
				SWIFT_COMPILATION_MODE = wholemodule;
				SWIFT_OPTIMIZATION_LEVEL = "-O";
				VALIDATE_PRODUCT = YES;
			};
			name = Release;
		};
		98EDDDBE270D0C8F006F9F44 /* Debug */ = {
			isa = XCBuildConfiguration;
			buildSettings = {
				ASSETCATALOG_COMPILER_APPICON_NAME = AppIcon;
				ASSETCATALOG_COMPILER_GLOBAL_ACCENT_COLOR_NAME = AccentColor;
				CODE_SIGN_STYLE = Automatic;
				CURRENT_PROJECT_VERSION = 1;
				DEVELOPMENT_ASSET_PATHS = "\"AR MultiPendulum/Preview Content\"";
				DEVELOPMENT_TEAM = 6T952M2592;
				ENABLE_PREVIEWS = YES;
				GENERATE_INFOPLIST_FILE = YES;
				INFOPLIST_FILE = "AR-MultiPendulum-Info.plist";
				INFOPLIST_KEY_NSCameraUsageDescription = "This application uses your device's camera to provide an augmented reality experience.";
				INFOPLIST_KEY_UIApplicationSupportsIndirectInputEvents = YES;
				INFOPLIST_KEY_UILaunchScreen_Generation = YES;
				INFOPLIST_KEY_UIRequiredDeviceCapabilities = arkit;
				INFOPLIST_KEY_UIRequiresFullScreen = YES;
				INFOPLIST_KEY_UIStatusBarHidden = YES;
				INFOPLIST_KEY_UISupportedInterfaceOrientations = UIInterfaceOrientationPortrait;
				IPHONEOS_DEPLOYMENT_TARGET = 14.0;
				LD_RUNPATH_SEARCH_PATHS = (
					"$(inherited)",
					"@executable_path/Frameworks",
				);
				MARKETING_VERSION = 1.0;
				PRODUCT_BUNDLE_IDENTIFIER = "com.philipturner.AR-MultiPendulum";
				PRODUCT_NAME = "$(TARGET_NAME)";
				SWIFT_EMIT_LOC_STRINGS = YES;
				SWIFT_VERSION = 5.0;
				TARGETED_DEVICE_FAMILY = "1,2";
			};
			name = Debug;
		};
		98EDDDBF270D0C8F006F9F44 /* Release */ = {
			isa = XCBuildConfiguration;
			buildSettings = {
				ASSETCATALOG_COMPILER_APPICON_NAME = AppIcon;
				ASSETCATALOG_COMPILER_GLOBAL_ACCENT_COLOR_NAME = AccentColor;
				CODE_SIGN_STYLE = Automatic;
				CURRENT_PROJECT_VERSION = 1;
				DEVELOPMENT_ASSET_PATHS = "\"AR MultiPendulum/Preview Content\"";
				DEVELOPMENT_TEAM = 6T952M2592;
				ENABLE_PREVIEWS = YES;
				GENERATE_INFOPLIST_FILE = YES;
				INFOPLIST_FILE = "AR-MultiPendulum-Info.plist";
				INFOPLIST_KEY_NSCameraUsageDescription = "This application uses your device's camera to provide an augmented reality experience.";
				INFOPLIST_KEY_UIApplicationSupportsIndirectInputEvents = YES;
				INFOPLIST_KEY_UILaunchScreen_Generation = YES;
				INFOPLIST_KEY_UIRequiredDeviceCapabilities = arkit;
				INFOPLIST_KEY_UIRequiresFullScreen = YES;
				INFOPLIST_KEY_UIStatusBarHidden = YES;
				INFOPLIST_KEY_UISupportedInterfaceOrientations = UIInterfaceOrientationPortrait;
				IPHONEOS_DEPLOYMENT_TARGET = 14.0;
				LD_RUNPATH_SEARCH_PATHS = (
					"$(inherited)",
					"@executable_path/Frameworks",
				);
				MARKETING_VERSION = 1.0;
				PRODUCT_BUNDLE_IDENTIFIER = "com.philipturner.AR-MultiPendulum";
				PRODUCT_NAME = "$(TARGET_NAME)";
				SWIFT_EMIT_LOC_STRINGS = YES;
				SWIFT_VERSION = 5.0;
				TARGETED_DEVICE_FAMILY = "1,2";
			};
			name = Release;
		};
/* End XCBuildConfiguration section */

/* Begin XCConfigurationList section */
		98EDDDAA270D0C8E006F9F44 /* Build configuration list for PBXProject "AR MultiPendulum" */ = {
			isa = XCConfigurationList;
			buildConfigurations = (
				98EDDDBB270D0C8F006F9F44 /* Debug */,
				98EDDDBC270D0C8F006F9F44 /* Release */,
			);
			defaultConfigurationIsVisible = 0;
			defaultConfigurationName = Release;
		};
		98EDDDBD270D0C8F006F9F44 /* Build configuration list for PBXNativeTarget "AR MultiPendulum" */ = {
			isa = XCConfigurationList;
			buildConfigurations = (
				98EDDDBE270D0C8F006F9F44 /* Debug */,
				98EDDDBF270D0C8F006F9F44 /* Release */,
			);
			defaultConfigurationIsVisible = 0;
			defaultConfigurationName = Release;
		};
/* End XCConfigurationList section */
	};
	rootObject = 98EDDDA7270D0C8E006F9F44 /* Project object */;
}
